// !$*UTF8*$!
{
	archiveVersion = 1;
	classes = {
	};
	objectVersion = 46;
	objects = {

/* Begin PBXBuildFile section */
		14C492A41C8A34F500E5589F /* fifoscheduler.c in Sources */ = {isa = PBXBuildFile; fileRef = 14C492A31C8A34F500E5589F /* fifoscheduler.c */; };
		D50591F61C7569850030E4C6 /* main.c in Sources */ = {isa = PBXBuildFile; fileRef = D50591F51C7569850030E4C6 /* main.c */; };
		D5F77D381C75F6FF00D5107B /* CircularLinkedList.c in Sources */ = {isa = PBXBuildFile; fileRef = D5F77D361C75F6FF00D5107B /* CircularLinkedList.c */; };
/* End PBXBuildFile section */

/* Begin PBXCopyFilesBuildPhase section */
		D50591F01C7569850030E4C6 /* CopyFiles */ = {
			isa = PBXCopyFilesBuildPhase;
			buildActionMask = 2147483647;
			dstPath = /usr/share/man/man1/;
			dstSubfolderSpec = 0;
			files = (
			);
			runOnlyForDeploymentPostprocessing = 1;
		};
/* End PBXCopyFilesBuildPhase section */

/* Begin PBXFileReference section */
		14C492A21C8A34E200E5589F /* fifoscheduler.h */ = {isa = PBXFileReference; fileEncoding = 4; lastKnownFileType = sourcecode.c.h; path = fifoscheduler.h; sourceTree = "<group>"; };
		14C492A31C8A34F500E5589F /* fifoscheduler.c */ = {isa = PBXFileReference; fileEncoding = 4; lastKnownFileType = sourcecode.c.c; path = fifoscheduler.c; sourceTree = "<group>"; };
		14C492A51C8A382D00E5589F /* process.h */ = {isa = PBXFileReference; lastKnownFileType = sourcecode.c.h; path = process.h; sourceTree = "<group>"; };
		D50591F21C7569850030E4C6 /* OSSimulator */ = {isa = PBXFileReference; explicitFileType = "compiled.mach-o.executable"; includeInIndex = 0; path = OSSimulator; sourceTree = BUILT_PRODUCTS_DIR; };
		D50591F51C7569850030E4C6 /* main.c */ = {isa = PBXFileReference; lastKnownFileType = sourcecode.c.c; path = main.c; sourceTree = "<group>"; };
		D5F77D361C75F6FF00D5107B /* CircularLinkedList.c */ = {isa = PBXFileReference; fileEncoding = 4; lastKnownFileType = sourcecode.c.c; path = CircularLinkedList.c; sourceTree = "<group>"; };
		D5F77D371C75F6FF00D5107B /* CircularLinkedList.h */ = {isa = PBXFileReference; fileEncoding = 4; lastKnownFileType = sourcecode.c.h; path = CircularLinkedList.h; sourceTree = "<group>"; };
		D5F7C9FB1C76C82F00F19328 /* dataFile.txt */ = {isa = PBXFileReference; lastKnownFileType = text; path = dataFile.txt; sourceTree = "<group>"; };
/* End PBXFileReference section */

/* Begin PBXFrameworksBuildPhase section */
		D50591EF1C7569850030E4C6 /* Frameworks */ = {
			isa = PBXFrameworksBuildPhase;
			buildActionMask = 2147483647;
			files = (
			);
			runOnlyForDeploymentPostprocessing = 0;
		};
/* End PBXFrameworksBuildPhase section */

/* Begin PBXGroup section */
		D50591E91C7569850030E4C6 = {
			isa = PBXGroup;
			children = (
				D50591F41C7569850030E4C6 /* OSSimulator */,
				D50591F31C7569850030E4C6 /* Products */,
			);
			sourceTree = "<group>";
		};
		D50591F31C7569850030E4C6 /* Products */ = {
			isa = PBXGroup;
			children = (
				D50591F21C7569850030E4C6 /* OSSimulator */,
			);
			name = Products;
			sourceTree = "<group>";
		};
		D50591F41C7569850030E4C6 /* OSSimulator */ = {
			isa = PBXGroup;
			children = (
				D5F7C9FB1C76C82F00F19328 /* dataFile.txt */,
				D50591F51C7569850030E4C6 /* main.c */,
				14C492A21C8A34E200E5589F /* fifoscheduler.h */,
				14C492A31C8A34F500E5589F /* fifoscheduler.c */,
				D5F77D361C75F6FF00D5107B /* CircularLinkedList.c */,
				D5F77D371C75F6FF00D5107B /* CircularLinkedList.h */,
				14C492A51C8A382D00E5589F /* process.h */,
			);
			path = OSSimulator;
			sourceTree = "<group>";
		};
/* End PBXGroup section */

/* Begin PBXNativeTarget section */
		D50591F11C7569850030E4C6 /* OSSimulator */ = {
			isa = PBXNativeTarget;
			buildConfigurationList = D50591F91C7569850030E4C6 /* Build configuration list for PBXNativeTarget "OSSimulator" */;
			buildPhases = (
				D50591EE1C7569850030E4C6 /* Sources */,
				D50591EF1C7569850030E4C6 /* Frameworks */,
				D50591F01C7569850030E4C6 /* CopyFiles */,
			);
			buildRules = (
			);
			dependencies = (
			);
			name = OSSimulator;
			productName = OSSimulator;
			productReference = D50591F21C7569850030E4C6 /* OSSimulator */;
			productType = "com.apple.product-type.tool";
		};
/* End PBXNativeTarget section */

/* Begin PBXProject section */
		D50591EA1C7569850030E4C6 /* Project object */ = {
			isa = PBXProject;
			attributes = {
				LastUpgradeCheck = 0720;
				ORGANIZATIONNAME = "Costas Vrahimis";
				TargetAttributes = {
					D50591F11C7569850030E4C6 = {
						CreatedOnToolsVersion = 7.2;
					};
				};
			};
			buildConfigurationList = D50591ED1C7569850030E4C6 /* Build configuration list for PBXProject "OSSimulator" */;
			compatibilityVersion = "Xcode 3.2";
			developmentRegion = English;
			hasScannedForEncodings = 0;
			knownRegions = (
				en,
			);
			mainGroup = D50591E91C7569850030E4C6;
			productRefGroup = D50591F31C7569850030E4C6 /* Products */;
			projectDirPath = "";
			projectRoot = "";
			targets = (
				D50591F11C7569850030E4C6 /* OSSimulator */,
			);
		};
/* End PBXProject section */

/* Begin PBXSourcesBuildPhase section */
		D50591EE1C7569850030E4C6 /* Sources */ = {
			isa = PBXSourcesBuildPhase;
			buildActionMask = 2147483647;
			files = (
				14C492A41C8A34F500E5589F /* fifoscheduler.c in Sources */,
				D50591F61C7569850030E4C6 /* main.c in Sources */,
				D5F77D381C75F6FF00D5107B /* CircularLinkedList.c in Sources */,
			);
			runOnlyForDeploymentPostprocessing = 0;
		};
/* End PBXSourcesBuildPhase section */

/* Begin XCBuildConfiguration section */
		D50591F71C7569850030E4C6 /* Debug */ = {
			isa = XCBuildConfiguration;
			buildSettings = {
				ALWAYS_SEARCH_USER_PATHS = NO;
				CLANG_CXX_LANGUAGE_STANDARD = "gnu++0x";
				CLANG_CXX_LIBRARY = "libc++";
				CLANG_ENABLE_MODULES = YES;
				CLANG_ENABLE_OBJC_ARC = YES;
				CLANG_WARN_BOOL_CONVERSION = YES;
				CLANG_WARN_CONSTANT_CONVERSION = YES;
				CLANG_WARN_DIRECT_OBJC_ISA_USAGE = YES_ERROR;
				CLANG_WARN_EMPTY_BODY = YES;
				CLANG_WARN_ENUM_CONVERSION = YES;
				CLANG_WARN_INT_CONVERSION = YES;
				CLANG_WARN_OBJC_ROOT_CLASS = YES_ERROR;
				CLANG_WARN_UNREACHABLE_CODE = YES;
				CLANG_WARN__DUPLICATE_METHOD_MATCH = YES;
				CODE_SIGN_IDENTITY = "-";
				COPY_PHASE_STRIP = NO;
				DEBUG_INFORMATION_FORMAT = dwarf;
				ENABLE_STRICT_OBJC_MSGSEND = YES;
				ENABLE_TESTABILITY = YES;
				GCC_C_LANGUAGE_STANDARD = gnu99;
				GCC_DYNAMIC_NO_PIC = NO;
				GCC_NO_COMMON_BLOCKS = YES;
				GCC_OPTIMIZATION_LEVEL = 0;
				GCC_PREPROCESSOR_DEFINITIONS = (
					"DEBUG=1",
					"$(inherited)",
				);
				GCC_WARN_64_TO_32_BIT_CONVERSION = YES;
				GCC_WARN_ABOUT_RETURN_TYPE = YES_ERROR;
				GCC_WARN_UNDECLARED_SELECTOR = YES;
				GCC_WARN_UNINITIALIZED_AUTOS = YES_AGGRESSIVE;
				GCC_WARN_UNUSED_FUNCTION = YES;
				GCC_WARN_UNUSED_VARIABLE = YES;
				MACOSX_DEPLOYMENT_TARGET = 10.11;
				MTL_ENABLE_DEBUG_INFO = YES;
				ONLY_ACTIVE_ARCH = YES;
				SDKROOT = macosx;
			};
			name = Debug;
		};
		D50591F81C7569850030E4C6 /* Release */ = {
			isa = XCBuildConfiguration;
			buildSettings = {
				ALWAYS_SEARCH_USER_PATHS = NO;
				CLANG_CXX_LANGUAGE_STANDARD = "gnu++0x";
				CLANG_CXX_LIBRARY = "libc++";
				CLANG_ENABLE_MODULES = YES;
				CLANG_ENABLE_OBJC_ARC = YES;
				CLANG_WARN_BOOL_CONVERSION = YES;
				CLANG_WARN_CONSTANT_CONVERSION = YES;
				CLANG_WARN_DIRECT_OBJC_ISA_USAGE = YES_ERROR;
				CLANG_WARN_EMPTY_BODY = YES;
				CLANG_WARN_ENUM_CONVERSION = YES;
				CLANG_WARN_INT_CONVERSION = YES;
				CLANG_WARN_OBJC_ROOT_CLASS = YES_ERROR;
				CLANG_WARN_UNREACHABLE_CODE = YES;
				CLANG_WARN__DUPLICATE_METHOD_MATCH = YES;
				CODE_SIGN_IDENTITY = "-";
				COPY_PHASE_STRIP = NO;
				DEBUG_INFORMATION_FORMAT = "dwarf-with-dsym";
				ENABLE_NS_ASSERTIONS = NO;
				ENABLE_STRICT_OBJC_MSGSEND = YES;
				GCC_C_LANGUAGE_STANDARD = gnu99;
				GCC_NO_COMMON_BLOCKS = YES;
				GCC_WARN_64_TO_32_BIT_CONVERSION = YES;
				GCC_WARN_ABOUT_RETURN_TYPE = YES_ERROR;
				GCC_WARN_UNDECLARED_SELECTOR = YES;
				GCC_WARN_UNINITIALIZED_AUTOS = YES_AGGRESSIVE;
				GCC_WARN_UNUSED_FUNCTION = YES;
				GCC_WARN_UNUSED_VARIABLE = YES;
				MACOSX_DEPLOYMENT_TARGET = 10.11;
				MTL_ENABLE_DEBUG_INFO = NO;
				SDKROOT = macosx;
			};
			name = Release;
		};
		D50591FA1C7569850030E4C6 /* Debug */ = {
			isa = XCBuildConfiguration;
			buildSettings = {
				PRODUCT_NAME = "$(TARGET_NAME)";
			};
			name = Debug;
		};
		D50591FB1C7569850030E4C6 /* Release */ = {
			isa = XCBuildConfiguration;
			buildSettings = {
				PRODUCT_NAME = "$(TARGET_NAME)";
			};
			name = Release;
		};
/* End XCBuildConfiguration section */

/* Begin XCConfigurationList section */
		D50591ED1C7569850030E4C6 /* Build configuration list for PBXProject "OSSimulator" */ = {
			isa = XCConfigurationList;
			buildConfigurations = (
				D50591F71C7569850030E4C6 /* Debug */,
				D50591F81C7569850030E4C6 /* Release */,
			);
			defaultConfigurationIsVisible = 0;
			defaultConfigurationName = Release;
		};
		D50591F91C7569850030E4C6 /* Build configuration list for PBXNativeTarget "OSSimulator" */ = {
			isa = XCConfigurationList;
			buildConfigurations = (
				D50591FA1C7569850030E4C6 /* Debug */,
				D50591FB1C7569850030E4C6 /* Release */,
			);
			defaultConfigurationIsVisible = 0;
			defaultConfigurationName = Release;
		};
/* End XCConfigurationList section */
	};
	rootObject = D50591EA1C7569850030E4C6 /* Project object */;
}
